{
    "amazon-s3-and-cloudfront": {
        "repository": "git@github.com:deliciousbrains/wp-amazon-s3-and-cloudfront.git",
        "revision": "master",
        "commit": "1090fa2a63f24782bed09a43681cd2c6f7d4b213"
    },
    "amazon-web-services": {
        "repository": "git@github.com:deliciousbrains/wp-amazon-web-services.git",
        "revision": "master",
        "commit": "f39b927b655f458a03767746459865ec77ad86c3"
    },
    "cms-tree-page-view": {
        "repository": "git@git.dxw.net:wordpress-plugins/cms-tree-page-view",
        "revision": "master",
        "commit": "ad22d785f6479ebf504505d465868566a82ad3c5"
    },
    "dw-live-drafts": {
        "repository": "git@github.com:ministryofjustice/dw-live-drafts.git",
        "revision": "master",
        "commit": "a32c8852b3e9d70146417449a42f37183527d342"
    },
    "heatmap-for-wp": {
        "repository": "git@github.com:wp-plugins/heatmap-for-wp.git",
        "revision": "master",
        "commit": "cfa365e2416e5dd7ebe5d4d755218ab3f275ae3d"
    },
    "pods": {
        "repository": "git@git.dxw.net:wordpress-plugins/pods",
        "revision": "master",
        "commit": "d2fab5f517d0411adf554d1ff379ff310730122e"
    },
    "recently-edited-content-widget": {
        "repository": "git@git.dxw.net:wordpress-plugins/recently-edited-content-widget",
        "revision": "master",
        "commit": "43d4e40e786e7a698b918eab91979e074c38c20c"
    },
    "relevanssi-premium": {
        "repository": "git@git.dxw.net:wordpress-plugins/relevanssi-premium",
        "revision": "master",
        "commit": "7b521de0caa6bfd62c256fac3e86f44caa6a5c34"
    },
    "wp-document-revisions": {
        "repository": "git@git.dxw.net:wordpress-plugins/wp-document-revisions",
        "revision": "master",
        "commit": "259858e8469ec35c33abbd949eb6266cf7e1993d"
    }
}