{
    "amazon-s3-and-cloudfront": {
        "repository": "git@github.com:deliciousbrains/wp-amazon-s3-and-cloudfront.git",
        "revision": "master",
        "commit": "25c2eae654b057e451b65a0ef5a08f91b92e49d6"
    },
    "amazon-web-services": {
        "repository": "git@github.com:deliciousbrains/wp-amazon-web-services.git",
        "revision": "master",
        "commit": "9aa1091a0fb3c1180307626418a6f6a1c5c861fe"
    },
    "cms-tree-page-view": {
        "repository": "git@git.dxw.net:wordpress-plugins/cms-tree-page-view",
        "revision": "master",
        "commit": "e4280461953f540b5b62deef8be7063232e5bbb7"
    },
    "co-authors-plug": {
        "repository": "git@github.com:Automattic/Co-Authors-Plus.git",
        "revision": "master",
        "commit": "f4da16bb59ef692d02db315771b238af7f75d8a4"
    },
    "dw-live-drafts": {
        "repository": "git@github.com:ministryofjustice/dw-live-drafts.git",
        "revision": "master",
        "commit": "c941cda82bc95467abd401f7fbc3711e169203b5"
    },
    "heatmap-for-wp": {
        "repository": "git@github.com:wp-plugins/heatmap-for-wp.git",
        "revision": "master",
        "commit": "cfa365e2416e5dd7ebe5d4d755218ab3f275ae3d"
    },
    "pods": {
        "repository": "git@git.dxw.net:wordpress-plugins/pods",
        "revision": "master",
        "commit": "d2fab5f517d0411adf554d1ff379ff310730122e"
    },
    "recently-edited-content-widget": {
        "repository": "git@git.dxw.net:wordpress-plugins/recently-edited-content-widget",
        "revision": "master",
        "commit": "43d4e40e786e7a698b918eab91979e074c38c20c"
    },
    "regenerate-thumbnails": {
        "repository": "git@git.dxw.net:wordpress-plugins/regenerate-thumbnails",
        "revision": "master",
        "commit": "ae33d713c6c650004ea04564ef121109ce0100f4"
    },
    "relevanssi-premium": {
        "repository": "git@git.dxw.net:wordpress-plugins/relevanssi-premium",
        "revision": "master",
        "commit": "7b521de0caa6bfd62c256fac3e86f44caa6a5c34"
    },
    "wp-document-revisions": {
        "repository": "git@git.dxw.net:wordpress-plugins/wp-document-revisions",
        "revision": "master",
        "commit": "259858e8469ec35c33abbd949eb6266cf7e1993d"
    }
}