{
    "amazon-s3-and-cloudfront": {
        "repository": "git@github.com:deliciousbrains/wp-amazon-s3-and-cloudfront.git",
        "revision": "master",
        "commit": "1a08516aec4bf7e46bfbbc0a5ff62cfbe3b2af51"
    },
    "amazon-web-services": {
        "repository": "git@github.com:deliciousbrains/wp-amazon-web-services.git",
        "revision": "master",
        "commit": "3f6ae90cd93e17214fabbdeff840cc80c962a3b5"
    },
    "cms-tree-page-view": {
        "repository": "git@git.dxw.net:wordpress-plugins/cms-tree-page-view",
        "revision": "master",
        "commit": "905709eb7719256e60122eccef506ded7805a517"
    },
    "co-authors-plus": {
        "repository": "git@github.com:Automattic/Co-Authors-Plus.git",
        "revision": "master",
        "commit": "1f33031e5277423a1df0e723674f020bd732e3ce"
    },
    "dw-live-drafts": {
        "repository": "git@github.com:ministryofjustice/dw-live-drafts.git",
        "revision": "master",
        "commit": "c941cda82bc95467abd401f7fbc3711e169203b5"
    },
    "heatmap-for-wp": {
        "repository": "git@github.com:wp-plugins/heatmap-for-wp.git",
        "revision": "master",
        "commit": "cfa365e2416e5dd7ebe5d4d755218ab3f275ae3d"
    },
    "pods": {
        "repository": "git@git.dxw.net:wordpress-plugins/pods",
        "revision": "master",
        "commit": "7b4c76ad8ef04372ef54b58d27d582ccacbeaa7b"
    },
    "recently-edited-content-widget": {
        "repository": "git@git.dxw.net:wordpress-plugins/recently-edited-content-widget",
        "revision": "master",
        "commit": "34205e17ea16e4bbf6dcfcc195541fc5b6e54fd5"
    },
    "regenerate-thumbnails": {
        "repository": "git@git.dxw.net:wordpress-plugins/regenerate-thumbnails",
        "revision": "master",
        "commit": "d42fdbfc52eafb2d2a8f059d5b488dfa4b4c76fe"
    },
    "relevanssi-premium": {
        "repository": "git@git.dxw.net:wordpress-plugins/relevanssi-premium",
        "revision": "master",
        "commit": "904b651d04465b9a84deb4e1ac66f74790a4bba2"
    },
    "shortcode-ui": {
        "repository": "git@github.com:wp-shortcake/shortcake.git",
        "revision": "master",
        "commit": "e67608ff16a2fdb5d71b4454e3ba88e084e44200"
    },
    "wp-document-revisions": {
        "repository": "git@git.dxw.net:wordpress-plugins/wp-document-revisions",
        "revision": "master",
        "commit": "259858e8469ec35c33abbd949eb6266cf7e1993d"
    }
}